// !$*UTF8*$!
{
	archiveVersion = 1;
	classes = {
	};
	objectVersion = 56;
	objects = {

/* Begin PBXBuildFile section */
		D897AF982F00236900E41E73 /* main.cpp in Sources */ = {isa = PBXBuildFile; fileRef = D897AF972F00236900E41E73 /* main.cpp */; };
		D897AFA02F0023A100E41E73 /* DSU.cpp in Sources */ = {isa = PBXBuildFile; fileRef = D897AF9F2F0023A100E41E73 /* DSU.cpp */; };
		D897AFA32F0023EA00E41E73 /* Graph.cpp in Sources */ = {isa = PBXBuildFile; fileRef = D897AFA22F0023EA00E41E73 /* Graph.cpp */; };
		D897AFA62F00241A00E41E73 /* Experiments.cpp in Sources */ = {isa = PBXBuildFile; fileRef = D897AFA52F00241A00E41E73 /* Experiments.cpp */; };
/* End PBXBuildFile section */

/* Begin PBXCopyFilesBuildPhase section */
		D897AF922F00236900E41E73 /* CopyFiles */ = {
			isa = PBXCopyFilesBuildPhase;
			buildActionMask = 2147483647;
			dstPath = /usr/share/man/man1/;
			dstSubfolderSpec = 0;
			files = (
			);
			runOnlyForDeploymentPostprocessing = 1;
		};
/* End PBXCopyFilesBuildPhase section */

/* Begin PBXFileReference section */
		D897AF942F00236900E41E73 /* commis-voyageur */ = {isa = PBXFileReference; explicitFileType = "compiled.mach-o.executable"; includeInIndex = 0; path = "commis-voyageur"; sourceTree = BUILT_PRODUCTS_DIR; };
		D897AF972F00236900E41E73 /* main.cpp */ = {isa = PBXFileReference; lastKnownFileType = sourcecode.cpp.cpp; path = main.cpp; sourceTree = "<group>"; };
		D897AF9E2F00238400E41E73 /* DSU.h */ = {isa = PBXFileReference; lastKnownFileType = sourcecode.c.h; path = DSU.h; sourceTree = "<group>"; };
		D897AF9F2F0023A100E41E73 /* DSU.cpp */ = {isa = PBXFileReference; lastKnownFileType = sourcecode.cpp.cpp; path = DSU.cpp; sourceTree = "<group>"; };
		D897AFA12F0023BF00E41E73 /* Graph.h */ = {isa = PBXFileReference; lastKnownFileType = sourcecode.c.h; path = Graph.h; sourceTree = "<group>"; };
		D897AFA22F0023EA00E41E73 /* Graph.cpp */ = {isa = PBXFileReference; lastKnownFileType = sourcecode.cpp.cpp; path = Graph.cpp; sourceTree = "<group>"; };
		D897AFA42F00240000E41E73 /* Experiments.h */ = {isa = PBXFileReference; lastKnownFileType = sourcecode.c.h; path = Experiments.h; sourceTree = "<group>"; };
		D897AFA52F00241A00E41E73 /* Experiments.cpp */ = {isa = PBXFileReference; lastKnownFileType = sourcecode.cpp.cpp; path = Experiments.cpp; sourceTree = "<group>"; };
/* End PBXFileReference section */

/* Begin PBXFrameworksBuildPhase section */
		D897AF912F00236900E41E73 /* Frameworks */ = {
			isa = PBXFrameworksBuildPhase;
			buildActionMask = 2147483647;
			files = (
			);
			runOnlyForDeploymentPostprocessing = 0;
		};
/* End PBXFrameworksBuildPhase section */

/* Begin PBXGroup section */
		D897AF8B2F00236900E41E73 = {
			isa = PBXGroup;
			children = (
				D897AF962F00236900E41E73 /* commis-voyageur */,
				D897AF952F00236900E41E73 /* Products */,
			);
			sourceTree = "<group>";
		};
		D897AF952F00236900E41E73 /* Products */ = {
			isa = PBXGroup;
			children = (
				D897AF942F00236900E41E73 /* commis-voyageur */,
			);
			name = Products;
			sourceTree = "<group>";
		};
		D897AF962F00236900E41E73 /* commis-voyageur */ = {
			isa = PBXGroup;
			children = (
				D897AF972F00236900E41E73 /* main.cpp */,
				D897AF9E2F00238400E41E73 /* DSU.h */,
				D897AF9F2F0023A100E41E73 /* DSU.cpp */,
				D897AFA12F0023BF00E41E73 /* Graph.h */,
				D897AFA22F0023EA00E41E73 /* Graph.cpp */,
				D897AFA42F00240000E41E73 /* Experiments.h */,
				D897AFA52F00241A00E41E73 /* Experiments.cpp */,
			);
			path = "commis-voyageur";
			sourceTree = "<group>";
		};
/* End PBXGroup section */

/* Begin PBXNativeTarget section */
		D897AF932F00236900E41E73 /* commis-voyageur */ = {
			isa = PBXNativeTarget;
			buildConfigurationList = D897AF9B2F00236900E41E73 /* Build configuration list for PBXNativeTarget "commis-voyageur" */;
			buildPhases = (
				D897AF902F00236900E41E73 /* Sources */,
				D897AF912F00236900E41E73 /* Frameworks */,
				D897AF922F00236900E41E73 /* CopyFiles */,
			);
			buildRules = (
			);
			dependencies = (
			);
			name = "commis-voyageur";
			productName = "commis-voyageur";
			productReference = D897AF942F00236900E41E73 /* commis-voyageur */;
			productType = "com.apple.product-type.tool";
		};
/* End PBXNativeTarget section */

/* Begin PBXProject section */
		D897AF8C2F00236900E41E73 /* Project object */ = {
			isa = PBXProject;
			attributes = {
				BuildIndependentTargetsInParallel = 1;
				LastUpgradeCheck = 1500;
				TargetAttributes = {
					D897AF932F00236900E41E73 = {
						CreatedOnToolsVersion = 15.0;
					};
				};
			};
			buildConfigurationList = D897AF8F2F00236900E41E73 /* Build configuration list for PBXProject "commis-voyageur" */;
			compatibilityVersion = "Xcode 14.0";
			developmentRegion = en;
			hasScannedForEncodings = 0;
			knownRegions = (
				en,
				Base,
			);
			mainGroup = D897AF8B2F00236900E41E73;
			productRefGroup = D897AF952F00236900E41E73 /* Products */;
			projectDirPath = "";
			projectRoot = "";
			targets = (
				D897AF932F00236900E41E73 /* commis-voyageur */,
			);
		};
/* End PBXProject section */

/* Begin PBXSourcesBuildPhase section */
		D897AF902F00236900E41E73 /* Sources */ = {
			isa = PBXSourcesBuildPhase;
			buildActionMask = 2147483647;
			files = (
				D897AFA62F00241A00E41E73 /* Experiments.cpp in Sources */,
				D897AFA02F0023A100E41E73 /* DSU.cpp in Sources */,
				D897AFA32F0023EA00E41E73 /* Graph.cpp in Sources */,
				D897AF982F00236900E41E73 /* main.cpp in Sources */,
			);
			runOnlyForDeploymentPostprocessing = 0;
		};
/* End PBXSourcesBuildPhase section */

/* Begin XCBuildConfiguration section */
		D897AF992F00236900E41E73 /* Debug */ = {
			isa = XCBuildConfiguration;
			buildSettings = {
				ALWAYS_SEARCH_USER_PATHS = NO;
				ASSETCATALOG_COMPILER_GENERATE_SWIFT_ASSET_SYMBOL_EXTENSIONS = YES;
				CLANG_ANALYZER_NONNULL = YES;
				CLANG_ANALYZER_NUMBER_OBJECT_CONVERSION = YES_AGGRESSIVE;
				CLANG_CXX_LANGUAGE_STANDARD = "gnu++20";
				CLANG_ENABLE_MODULES = YES;
				CLANG_ENABLE_OBJC_ARC = YES;
				CLANG_ENABLE_OBJC_WEAK = YES;
				CLANG_WARN_BLOCK_CAPTURE_AUTORELEASING = YES;
				CLANG_WARN_BOOL_CONVERSION = YES;
				CLANG_WARN_COMMA = YES;
				CLANG_WARN_CONSTANT_CONVERSION = YES;
				CLANG_WARN_DEPRECATED_OBJC_IMPLEMENTATIONS = YES;
				CLANG_WARN_DIRECT_OBJC_ISA_USAGE = YES_ERROR;
				CLANG_WARN_DOCUMENTATION_COMMENTS = YES;
				CLANG_WARN_EMPTY_BODY = YES;
				CLANG_WARN_ENUM_CONVERSION = YES;
				CLANG_WARN_INFINITE_RECURSION = YES;
				CLANG_WARN_INT_CONVERSION = YES;
				CLANG_WARN_NON_LITERAL_NULL_CONVERSION = YES;
				CLANG_WARN_OBJC_IMPLICIT_RETAIN_SELF = YES;
				CLANG_WARN_OBJC_LITERAL_CONVERSION = YES;
				CLANG_WARN_OBJC_ROOT_CLASS = YES_ERROR;
				CLANG_WARN_QUOTED_INCLUDE_IN_FRAMEWORK_HEADER = YES;
				CLANG_WARN_RANGE_LOOP_ANALYSIS = YES;
				CLANG_WARN_STRICT_PROTOTYPES = YES;
				CLANG_WARN_SUSPICIOUS_MOVE = YES;
				CLANG_WARN_UNGUARDED_AVAILABILITY = YES_AGGRESSIVE;
				CLANG_WARN_UNREACHABLE_CODE = YES;
				CLANG_WARN__DUPLICATE_METHOD_MATCH = YES;
				COPY_PHASE_STRIP = NO;
				DEBUG_INFORMATION_FORMAT = dwarf;
				ENABLE_STRICT_OBJC_MSGSEND = YES;
				ENABLE_TESTABILITY = YES;
				ENABLE_USER_SCRIPT_SANDBOXING = YES;
				GCC_C_LANGUAGE_STANDARD = gnu17;
				GCC_DYNAMIC_NO_PIC = NO;
				GCC_NO_COMMON_BLOCKS = YES;
				GCC_OPTIMIZATION_LEVEL = 0;
				GCC_PREPROCESSOR_DEFINITIONS = (
					"DEBUG=1",
					"$(inherited)",
				);
				GCC_WARN_64_TO_32_BIT_CONVERSION = YES;
				GCC_WARN_ABOUT_RETURN_TYPE = YES_ERROR;
				GCC_WARN_UNDECLARED_SELECTOR = YES;
				GCC_WARN_UNINITIALIZED_AUTOS = YES_AGGRESSIVE;
				GCC_WARN_UNUSED_FUNCTION = YES;
				GCC_WARN_UNUSED_VARIABLE = YES;
				LOCALIZATION_PREFERS_STRING_CATALOGS = YES;
				MACOSX_DEPLOYMENT_TARGET = 14.0;
				MTL_ENABLE_DEBUG_INFO = INCLUDE_SOURCE;
				MTL_FAST_MATH = YES;
				ONLY_ACTIVE_ARCH = YES;
				SDKROOT = macosx;
			};
			name = Debug;
		};
		D897AF9A2F00236900E41E73 /* Release */ = {
			isa = XCBuildConfiguration;
			buildSettings = {
				ALWAYS_SEARCH_USER_PATHS = NO;
				ASSETCATALOG_COMPILER_GENERATE_SWIFT_ASSET_SYMBOL_EXTENSIONS = YES;
				CLANG_ANALYZER_NONNULL = YES;
				CLANG_ANALYZER_NUMBER_OBJECT_CONVERSION = YES_AGGRESSIVE;
				CLANG_CXX_LANGUAGE_STANDARD = "gnu++20";
				CLANG_ENABLE_MODULES = YES;
				CLANG_ENABLE_OBJC_ARC = YES;
				CLANG_ENABLE_OBJC_WEAK = YES;
				CLANG_WARN_BLOCK_CAPTURE_AUTORELEASING = YES;
				CLANG_WARN_BOOL_CONVERSION = YES;
				CLANG_WARN_COMMA = YES;
				CLANG_WARN_CONSTANT_CONVERSION = YES;
				CLANG_WARN_DEPRECATED_OBJC_IMPLEMENTATIONS = YES;
				CLANG_WARN_DIRECT_OBJC_ISA_USAGE = YES_ERROR;
				CLANG_WARN_DOCUMENTATION_COMMENTS = YES;
				CLANG_WARN_EMPTY_BODY = YES;
				CLANG_WARN_ENUM_CONVERSION = YES;
				CLANG_WARN_INFINITE_RECURSION = YES;
				CLANG_WARN_INT_CONVERSION = YES;
				CLANG_WARN_NON_LITERAL_NULL_CONVERSION = YES;
				CLANG_WARN_OBJC_IMPLICIT_RETAIN_SELF = YES;
				CLANG_WARN_OBJC_LITERAL_CONVERSION = YES;
				CLANG_WARN_OBJC_ROOT_CLASS = YES_ERROR;
				CLANG_WARN_QUOTED_INCLUDE_IN_FRAMEWORK_HEADER = YES;
				CLANG_WARN_RANGE_LOOP_ANALYSIS = YES;
				CLANG_WARN_STRICT_PROTOTYPES = YES;
				CLANG_WARN_SUSPICIOUS_MOVE = YES;
				CLANG_WARN_UNGUARDED_AVAILABILITY = YES_AGGRESSIVE;
				CLANG_WARN_UNREACHABLE_CODE = YES;
				CLANG_WARN__DUPLICATE_METHOD_MATCH = YES;
				COPY_PHASE_STRIP = NO;
				DEBUG_INFORMATION_FORMAT = "dwarf-with-dsym";
				ENABLE_NS_ASSERTIONS = NO;
				ENABLE_STRICT_OBJC_MSGSEND = YES;
				ENABLE_USER_SCRIPT_SANDBOXING = YES;
				GCC_C_LANGUAGE_STANDARD = gnu17;
				GCC_NO_COMMON_BLOCKS = YES;
				GCC_WARN_64_TO_32_BIT_CONVERSION = YES;
				GCC_WARN_ABOUT_RETURN_TYPE = YES_ERROR;
				GCC_WARN_UNDECLARED_SELECTOR = YES;
				GCC_WARN_UNINITIALIZED_AUTOS = YES_AGGRESSIVE;
				GCC_WARN_UNUSED_FUNCTION = YES;
				GCC_WARN_UNUSED_VARIABLE = YES;
				LOCALIZATION_PREFERS_STRING_CATALOGS = YES;
				MACOSX_DEPLOYMENT_TARGET = 14.0;
				MTL_ENABLE_DEBUG_INFO = NO;
				MTL_FAST_MATH = YES;
				SDKROOT = macosx;
			};
			name = Release;
		};
		D897AF9C2F00236900E41E73 /* Debug */ = {
			isa = XCBuildConfiguration;
			buildSettings = {
				CODE_SIGN_STYLE = Automatic;
				PRODUCT_NAME = "$(TARGET_NAME)";
			};
			name = Debug;
		};
		D897AF9D2F00236900E41E73 /* Release */ = {
			isa = XCBuildConfiguration;
			buildSettings = {
				CODE_SIGN_STYLE = Automatic;
				PRODUCT_NAME = "$(TARGET_NAME)";
			};
			name = Release;
		};
/* End XCBuildConfiguration section */

/* Begin XCConfigurationList section */
		D897AF8F2F00236900E41E73 /* Build configuration list for PBXProject "commis-voyageur" */ = {
			isa = XCConfigurationList;
			buildConfigurations = (
				D897AF992F00236900E41E73 /* Debug */,
				D897AF9A2F00236900E41E73 /* Release */,
			);
			defaultConfigurationIsVisible = 0;
			defaultConfigurationName = Release;
		};
		D897AF9B2F00236900E41E73 /* Build configuration list for PBXNativeTarget "commis-voyageur" */ = {
			isa = XCConfigurationList;
			buildConfigurations = (
				D897AF9C2F00236900E41E73 /* Debug */,
				D897AF9D2F00236900E41E73 /* Release */,
			);
			defaultConfigurationIsVisible = 0;
			defaultConfigurationName = Release;
		};
/* End XCConfigurationList section */
	};
	rootObject = D897AF8C2F00236900E41E73 /* Project object */;
}
